
Microsoft Visual Studio Solution File, Format Version 12.00
# Visual Studio 14
VisualStudioVersion = 14.0.25420.1
MinimumVisualStudioVersion = 10.0.40219.1
Project("{FAE04EC0-301F-11D3-BF4B-00C04F79EFBC}") = "WeatherApp", "WeatherApp\WeatherApp.csproj", "{478D1248-BEB5-4323-A32A-42FB42BC5D0C}"
EndProject
Project("{FAE04EC0-301F-11D3-BF4B-00C04F79EFBC}") = "WeatherApp.UWP", "WeatherApp.UWP\WeatherApp.UWP.csproj", "{E02935BA-2799-44B1-AFBF-781B65E8AF0B}"
EndProject
Project("{FAE04EC0-301F-11D3-BF4B-00C04F79EFBC}") = "WeatherApp.Core", "WeatherApp.Core\WeatherApp.Core.csproj", "{BCDF4816-4E52-486F-AC87-D75FD3496E52}"
EndProject
Global
	GlobalSection(SolutionConfigurationPlatforms) = preSolution
		Debug|Any CPU = Debug|Any CPU
		Debug|ARM = Debug|ARM
		Debug|x64 = Debug|x64
		Debug|x86 = Debug|x86
		Release|Any CPU = Release|Any CPU
		Release|ARM = Release|ARM
		Release|x64 = Release|x64
		Release|x86 = Release|x86
	EndGlobalSection
	GlobalSection(ProjectConfigurationPlatforms) = postSolution
		{478D1248-BEB5-4323-A32A-42FB42BC5D0C}.Debug|Any CPU.ActiveCfg = Debug|Any CPU
		{478D1248-BEB5-4323-A32A-42FB42BC5D0C}.Debug|Any CPU.Build.0 = Debug|Any CPU
		{478D1248-BEB5-4323-A32A-42FB42BC5D0C}.Debug|Any CPU.Deploy.0 = Debug|Any CPU
		{478D1248-BEB5-4323-A32A-42FB42BC5D0C}.Debug|ARM.ActiveCfg = Debug|Any CPU
		{478D1248-BEB5-4323-A32A-42FB42BC5D0C}.Debug|ARM.Build.0 = Debug|Any CPU
		{478D1248-BEB5-4323-A32A-42FB42BC5D0C}.Debug|ARM.Deploy.0 = Debug|Any CPU
		{478D1248-BEB5-4323-A32A-42FB42BC5D0C}.Debug|x64.ActiveCfg = Debug|Any CPU
		{478D1248-BEB5-4323-A32A-42FB42BC5D0C}.Debug|x64.Build.0 = Debug|Any CPU
		{478D1248-BEB5-4323-A32A-42FB42BC5D0C}.Debug|x64.Deploy.0 = Debug|Any CPU
		{478D1248-BEB5-4323-A32A-42FB42BC5D0C}.Debug|x86.ActiveCfg = Debug|Any CPU
		{478D1248-BEB5-4323-A32A-42FB42BC5D0C}.Debug|x86.Build.0 = Debug|Any CPU
		{478D1248-BEB5-4323-A32A-42FB42BC5D0C}.Debug|x86.Deploy.0 = Debug|Any CPU
		{478D1248-BEB5-4323-A32A-42FB42BC5D0C}.Release|Any CPU.ActiveCfg = Release|Any CPU
		{478D1248-BEB5-4323-A32A-42FB42BC5D0C}.Release|Any CPU.Build.0 = Release|Any CPU
		{478D1248-BEB5-4323-A32A-42FB42BC5D0C}.Release|Any CPU.Deploy.0 = Release|Any CPU
		{478D1248-BEB5-4323-A32A-42FB42BC5D0C}.Release|ARM.ActiveCfg = Release|Any CPU
		{478D1248-BEB5-4323-A32A-42FB42BC5D0C}.Release|ARM.Build.0 = Release|Any CPU
		{478D1248-BEB5-4323-A32A-42FB42BC5D0C}.Release|ARM.Deploy.0 = Release|Any CPU
		{478D1248-BEB5-4323-A32A-42FB42BC5D0C}.Release|x64.ActiveCfg = Release|Any CPU
		{478D1248-BEB5-4323-A32A-42FB42BC5D0C}.Release|x64.Build.0 = Release|Any CPU
		{478D1248-BEB5-4323-A32A-42FB42BC5D0C}.Release|x64.Deploy.0 = Release|Any CPU
		{478D1248-BEB5-4323-A32A-42FB42BC5D0C}.Release|x86.ActiveCfg = Release|Any CPU
		{478D1248-BEB5-4323-A32A-42FB42BC5D0C}.Release|x86.Build.0 = Release|Any CPU
		{478D1248-BEB5-4323-A32A-42FB42BC5D0C}.Release|x86.Deploy.0 = Release|Any CPU
		{E02935BA-2799-44B1-AFBF-781B65E8AF0B}.Debug|Any CPU.ActiveCfg = Debug|x86
		{E02935BA-2799-44B1-AFBF-781B65E8AF0B}.Debug|ARM.ActiveCfg = Debug|ARM
		{E02935BA-2799-44B1-AFBF-781B65E8AF0B}.Debug|ARM.Build.0 = Debug|ARM
		{E02935BA-2799-44B1-AFBF-781B65E8AF0B}.Debug|ARM.Deploy.0 = Debug|ARM
		{E02935BA-2799-44B1-AFBF-781B65E8AF0B}.Debug|x64.ActiveCfg = Debug|x64
		{E02935BA-2799-44B1-AFBF-781B65E8AF0B}.Debug|x64.Build.0 = Debug|x64
		{E02935BA-2799-44B1-AFBF-781B65E8AF0B}.Debug|x64.Deploy.0 = Debug|x64
		{E02935BA-2799-44B1-AFBF-781B65E8AF0B}.Debug|x86.ActiveCfg = Debug|x86
		{E02935BA-2799-44B1-AFBF-781B65E8AF0B}.Debug|x86.Build.0 = Debug|x86
		{E02935BA-2799-44B1-AFBF-781B65E8AF0B}.Debug|x86.Deploy.0 = Debug|x86
		{E02935BA-2799-44B1-AFBF-781B65E8AF0B}.Release|Any CPU.ActiveCfg = Release|x86
		{E02935BA-2799-44B1-AFBF-781B65E8AF0B}.Release|ARM.ActiveCfg = Release|ARM
		{E02935BA-2799-44B1-AFBF-781B65E8AF0B}.Release|ARM.Build.0 = Release|ARM
		{E02935BA-2799-44B1-AFBF-781B65E8AF0B}.Release|ARM.Deploy.0 = Release|ARM
		{E02935BA-2799-44B1-AFBF-781B65E8AF0B}.Release|x64.ActiveCfg = Release|x64
		{E02935BA-2799-44B1-AFBF-781B65E8AF0B}.Release|x64.Build.0 = Release|x64
		{E02935BA-2799-44B1-AFBF-781B65E8AF0B}.Release|x64.Deploy.0 = Release|x64
		{E02935BA-2799-44B1-AFBF-781B65E8AF0B}.Release|x86.ActiveCfg = Release|x86
		{E02935BA-2799-44B1-AFBF-781B65E8AF0B}.Release|x86.Build.0 = Release|x86
		{E02935BA-2799-44B1-AFBF-781B65E8AF0B}.Release|x86.Deploy.0 = Release|x86
		{BCDF4816-4E52-486F-AC87-D75FD3496E52}.Debug|Any CPU.ActiveCfg = Debug|Any CPU
		{BCDF4816-4E52-486F-AC87-D75FD3496E52}.Debug|Any CPU.Build.0 = Debug|Any CPU
		{BCDF4816-4E52-486F-AC87-D75FD3496E52}.Debug|ARM.ActiveCfg = Debug|Any CPU
		{BCDF4816-4E52-486F-AC87-D75FD3496E52}.Debug|ARM.Build.0 = Debug|Any CPU
		{BCDF4816-4E52-486F-AC87-D75FD3496E52}.Debug|x64.ActiveCfg = Debug|Any CPU
		{BCDF4816-4E52-486F-AC87-D75FD3496E52}.Debug|x64.Build.0 = Debug|Any CPU
		{BCDF4816-4E52-486F-AC87-D75FD3496E52}.Debug|x86.ActiveCfg = Debug|Any CPU
		{BCDF4816-4E52-486F-AC87-D75FD3496E52}.Debug|x86.Build.0 = Debug|Any CPU
		{BCDF4816-4E52-486F-AC87-D75FD3496E52}.Release|Any CPU.ActiveCfg = Release|Any CPU
		{BCDF4816-4E52-486F-AC87-D75FD3496E52}.Release|Any CPU.Build.0 = Release|Any CPU
		{BCDF4816-4E52-486F-AC87-D75FD3496E52}.Release|ARM.ActiveCfg = Release|Any CPU
		{BCDF4816-4E52-486F-AC87-D75FD3496E52}.Release|ARM.Build.0 = Release|Any CPU
		{BCDF4816-4E52-486F-AC87-D75FD3496E52}.Release|x64.ActiveCfg = Release|Any CPU
		{BCDF4816-4E52-486F-AC87-D75FD3496E52}.Release|x64.Build.0 = Release|Any CPU
		{BCDF4816-4E52-486F-AC87-D75FD3496E52}.Release|x86.ActiveCfg = Release|Any CPU
		{BCDF4816-4E52-486F-AC87-D75FD3496E52}.Release|x86.Build.0 = Release|Any CPU
	EndGlobalSection
	GlobalSection(SolutionProperties) = preSolution
		HideSolutionNode = FALSE
	EndGlobalSection
EndGlobal
